
Microsoft Visual Studio Solution File, Format Version 12.00
# Visual Studio 15
VisualStudioVersion = 15.0.28307.1433
MinimumVisualStudioVersion = 10.0.40219.1
Project("{FAE04EC0-301F-11D3-BF4B-00C04F79EFBC}") = "Chemlist", "Chemlist\Chemlist.csproj", "{FC5E1206-AD5F-4689-8E6E-D46B9FCBF2B7}"
EndProject
Project("{2150E333-8FDC-42A3-9474-1A3956D46DE8}") = "Solution Items", "Solution Items", "{88E0109F-5B7F-4892-837A-1F13F7F2F8A2}"
	ProjectSection(SolutionItems) = preProject
		Chemlist\bin\Debug\chemicals.json = Chemlist\bin\Debug\chemicals.json
		..\..\..\Desktop\chemlist.ico = ..\..\..\Desktop\chemlist.ico
		Chemlist\bin\Debug\projects.json = Chemlist\bin\Debug\projects.json
	EndProjectSection
EndProject
Project("{FAE04EC0-301F-11D3-BF4B-00C04F79EFBC}") = "Chemlist.Tests", "Chemlist.Tests\Chemlist.Tests.csproj", "{DFAE1D59-C34C-47AE-AD18-09FAC5FF5E7D}"
EndProject
Global
	GlobalSection(SolutionConfigurationPlatforms) = preSolution
		Debug|Any CPU = Debug|Any CPU
		Debug|x64 = Debug|x64
		Debug|x86 = Debug|x86
		Release|Any CPU = Release|Any CPU
		Release|x64 = Release|x64
		Release|x86 = Release|x86
	EndGlobalSection
	GlobalSection(ProjectConfigurationPlatforms) = postSolution
		{FC5E1206-AD5F-4689-8E6E-D46B9FCBF2B7}.Debug|Any CPU.ActiveCfg = Debug|x64
		{FC5E1206-AD5F-4689-8E6E-D46B9FCBF2B7}.Debug|Any CPU.Build.0 = Debug|x64
		{FC5E1206-AD5F-4689-8E6E-D46B9FCBF2B7}.Debug|x64.ActiveCfg = Debug|x64
		{FC5E1206-AD5F-4689-8E6E-D46B9FCBF2B7}.Debug|x64.Build.0 = Debug|x64
		{FC5E1206-AD5F-4689-8E6E-D46B9FCBF2B7}.Debug|x86.ActiveCfg = Debug|x86
		{FC5E1206-AD5F-4689-8E6E-D46B9FCBF2B7}.Debug|x86.Build.0 = Debug|x86
		{FC5E1206-AD5F-4689-8E6E-D46B9FCBF2B7}.Release|Any CPU.ActiveCfg = Release|x64
		{FC5E1206-AD5F-4689-8E6E-D46B9FCBF2B7}.Release|Any CPU.Build.0 = Release|x64
		{FC5E1206-AD5F-4689-8E6E-D46B9FCBF2B7}.Release|x64.ActiveCfg = Release|x64
		{FC5E1206-AD5F-4689-8E6E-D46B9FCBF2B7}.Release|x64.Build.0 = Release|x64
		{FC5E1206-AD5F-4689-8E6E-D46B9FCBF2B7}.Release|x86.ActiveCfg = Release|x86
		{FC5E1206-AD5F-4689-8E6E-D46B9FCBF2B7}.Release|x86.Build.0 = Release|x86
		{DFAE1D59-C34C-47AE-AD18-09FAC5FF5E7D}.Debug|Any CPU.ActiveCfg = Debug|Any CPU
		{DFAE1D59-C34C-47AE-AD18-09FAC5FF5E7D}.Debug|Any CPU.Build.0 = Debug|Any CPU
		{DFAE1D59-C34C-47AE-AD18-09FAC5FF5E7D}.Debug|x64.ActiveCfg = Debug|Any CPU
		{DFAE1D59-C34C-47AE-AD18-09FAC5FF5E7D}.Debug|x64.Build.0 = Debug|Any CPU
		{DFAE1D59-C34C-47AE-AD18-09FAC5FF5E7D}.Debug|x86.ActiveCfg = Debug|Any CPU
		{DFAE1D59-C34C-47AE-AD18-09FAC5FF5E7D}.Debug|x86.Build.0 = Debug|Any CPU
		{DFAE1D59-C34C-47AE-AD18-09FAC5FF5E7D}.Release|Any CPU.ActiveCfg = Release|Any CPU
		{DFAE1D59-C34C-47AE-AD18-09FAC5FF5E7D}.Release|Any CPU.Build.0 = Release|Any CPU
		{DFAE1D59-C34C-47AE-AD18-09FAC5FF5E7D}.Release|x64.ActiveCfg = Release|Any CPU
		{DFAE1D59-C34C-47AE-AD18-09FAC5FF5E7D}.Release|x64.Build.0 = Release|Any CPU
		{DFAE1D59-C34C-47AE-AD18-09FAC5FF5E7D}.Release|x86.ActiveCfg = Release|Any CPU
		{DFAE1D59-C34C-47AE-AD18-09FAC5FF5E7D}.Release|x86.Build.0 = Release|Any CPU
	EndGlobalSection
	GlobalSection(SolutionProperties) = preSolution
		HideSolutionNode = FALSE
	EndGlobalSection
	GlobalSection(ExtensibilityGlobals) = postSolution
		SolutionGuid = {92D77B00-0844-456D-BB0E-C5B1F4E72286}
	EndGlobalSection
EndGlobal
